
Microsoft Visual Studio Solution File, Format Version 12.00
# Visual Studio Version 17
VisualStudioVersion = 17.3.32825.248
MinimumVisualStudioVersion = 10.0.40219.1
Project("{9A19103F-16F7-4668-BE54-9A1E7A4F7556}") = "MPark", "MPark\MPark.csproj", "{D25FC8C4-5272-4105-AA72-76B1F14821E6}"
EndProject
Project("{9A19103F-16F7-4668-BE54-9A1E7A4F7556}") = "MParkServer", "MParkServer\MParkServer.csproj", "{54152976-3F6A-42CB-BE91-C0DE75B1CD62}"
EndProject
Project("{9A19103F-16F7-4668-BE54-9A1E7A4F7556}") = "MPark.Shared", "MPark.Shared\MPark.Shared.csproj", "{3449E29A-6F0A-44A9-B571-C948893751DE}"
EndProject
Global
	GlobalSection(SolutionConfigurationPlatforms) = preSolution
		Debug|Any CPU = Debug|Any CPU
		Release|Any CPU = Release|Any CPU
	EndGlobalSection
	GlobalSection(ProjectConfigurationPlatforms) = postSolution
		{D25FC8C4-5272-4105-AA72-76B1F14821E6}.Debug|Any CPU.ActiveCfg = Debug|Any CPU
		{D25FC8C4-5272-4105-AA72-76B1F14821E6}.Debug|Any CPU.Build.0 = Debug|Any CPU
		{D25FC8C4-5272-4105-AA72-76B1F14821E6}.Release|Any CPU.ActiveCfg = Release|Any CPU
		{D25FC8C4-5272-4105-AA72-76B1F14821E6}.Release|Any CPU.Build.0 = Release|Any CPU
		{54152976-3F6A-42CB-BE91-C0DE75B1CD62}.Debug|Any CPU.ActiveCfg = Debug|Any CPU
		{54152976-3F6A-42CB-BE91-C0DE75B1CD62}.Debug|Any CPU.Build.0 = Debug|Any CPU
		{54152976-3F6A-42CB-BE91-C0DE75B1CD62}.Release|Any CPU.ActiveCfg = Release|Any CPU
		{54152976-3F6A-42CB-BE91-C0DE75B1CD62}.Release|Any CPU.Build.0 = Release|Any CPU
		{3449E29A-6F0A-44A9-B571-C948893751DE}.Debug|Any CPU.ActiveCfg = Debug|Any CPU
		{3449E29A-6F0A-44A9-B571-C948893751DE}.Debug|Any CPU.Build.0 = Debug|Any CPU
		{3449E29A-6F0A-44A9-B571-C948893751DE}.Release|Any CPU.ActiveCfg = Release|Any CPU
		{3449E29A-6F0A-44A9-B571-C948893751DE}.Release|Any CPU.Build.0 = Release|Any CPU
	EndGlobalSection
	GlobalSection(SolutionProperties) = preSolution
		HideSolutionNode = FALSE
	EndGlobalSection
	GlobalSection(ExtensibilityGlobals) = postSolution
		SolutionGuid = {480BF5D6-7D3D-4FB5-B76E-9C14E4906252}
	EndGlobalSection
EndGlobal
